{
  "name": "kromosynth-evaluate",
  "version": "1.0.0",
  "lockfileVersion": 2,
  "requires": true,
  "packages": {
    "": {
      "name": "kromosynth-evaluate",
      "version": "1.0.0",
      "license": "AGPL-3.0-or-later",
      "dependencies": {
        "kromosynth": "file:../../kromosynth",
        "minimist": "^1.2.8",
        "ws": "^8.14.1"
      }
    },
    "../../kromosynth": {
      "version": "1.0.13",
      "license": "AGPL-3.0-or-later",
      "dependencies": {
        "@tensorflow/tfjs": "^4.2.0",
        "@tensorflow/tfjs-node-gpu": "^4.2.0",
        "audiobuffer-to-wav": "^1.0.0",
        "browser-or-node": "^2.1.1",
        "chroma-js": "^2.4.2",
        "clone": "^2.1.2",
        "gpu.js": "^2.15.2",
        "lodash-es": "^4.17.21",
        "neatjs": "^0.3.1",
        "node-web-audio-api": "^0.6.0",
        "threads": "^1.7.0",
        "virtual-audio-graph": "github:synth-is/virtual-audio-graph"
      }
    },
    "node_modules/kromosynth": {
      "resolved": "../../kromosynth",
      "link": true
    },
    "node_modules/minimist": {
      "version": "1.2.8",
      "resolved": "https://registry.npmjs.org/minimist/-/minimist-1.2.8.tgz",
      "integrity": "sha512-2yyAR8qBkN3YuheJanUpWC5U3bb5osDywNB8RzDVlDwDHbocAJveqqj1u8+SVD7jkWT4yvsHCpWqqWqAxb0zCA==",
      "funding": {
        "url": "https://github.com/sponsors/ljharb"
      }
    },
    "node_modules/ws": {
      "version": "8.14.1",
      "resolved": "https://registry.npmjs.org/ws/-/ws-8.14.1.tgz",
      "integrity": "sha512-4OOseMUq8AzRBI/7SLMUwO+FEDnguetSk7KMb1sHwvF2w2Wv5Hoj0nlifx8vtGsftE/jWHojPy8sMMzYLJ2G/A==",
      "engines": {
        "node": ">=10.0.0"
      },
      "peerDependencies": {
        "bufferutil": "^4.0.1",
        "utf-8-validate": ">=5.0.2"
      },
      "peerDependenciesMeta": {
        "bufferutil": {
          "optional": true
        },
        "utf-8-validate": {
          "optional": true
        }
      }
    }
  },
  "dependencies": {
    "kromosynth": {
      "version": "file:../../kromosynth",
      "requires": {
        "@tensorflow/tfjs": "^4.2.0",
        "@tensorflow/tfjs-node-gpu": "^4.2.0",
        "audiobuffer-to-wav": "^1.0.0",
        "browser-or-node": "^2.1.1",
        "chroma-js": "^2.4.2",
        "clone": "^2.1.2",
        "gpu.js": "^2.15.2",
        "lodash-es": "^4.17.21",
        "neatjs": "^0.3.1",
        "node-web-audio-api": "^0.6.0",
        "threads": "^1.7.0",
        "virtual-audio-graph": "github:synth-is/virtual-audio-graph"
      }
    },
    "minimist": {
      "version": "1.2.8",
      "resolved": "https://registry.npmjs.org/minimist/-/minimist-1.2.8.tgz",
      "integrity": "sha512-2yyAR8qBkN3YuheJanUpWC5U3bb5osDywNB8RzDVlDwDHbocAJveqqj1u8+SVD7jkWT4yvsHCpWqqWqAxb0zCA=="
    },
    "ws": {
      "version": "8.14.1",
      "resolved": "https://registry.npmjs.org/ws/-/ws-8.14.1.tgz",
      "integrity": "sha512-4OOseMUq8AzRBI/7SLMUwO+FEDnguetSk7KMb1sHwvF2w2Wv5Hoj0nlifx8vtGsftE/jWHojPy8sMMzYLJ2G/A==",
      "requires": {}
    }
  }
}
